
Microsoft Visual Studio Solution File, Format Version 12.00
# Visual Studio Version 16
VisualStudioVersion = 16.0.29509.3
MinimumVisualStudioVersion = 10.0.40219.1
Project("{2150E333-8FDC-42A3-9474-1A3956D46DE8}") = "src", "src", "{8FD41DCC-89D2-4C18-8EAC-46B671A0FFF1}"
EndProject
Project("{FAE04EC0-301F-11D3-BF4B-00C04F79EFBC}") = "Discount.API", "src\Discount.API\Discount.API.csproj", "{DFEFB2C8-B7C6-44C7-9627-C251C953B512}"
EndProject
Global
	GlobalSection(SolutionConfigurationPlatforms) = preSolution
		Debug|Any CPU = Debug|Any CPU
		Release|Any CPU = Release|Any CPU
	EndGlobalSection
	GlobalSection(ProjectConfigurationPlatforms) = postSolution
		{DFEFB2C8-B7C6-44C7-9627-C251C953B512}.Debug|Any CPU.ActiveCfg = Debug|Any CPU
		{DFEFB2C8-B7C6-44C7-9627-C251C953B512}.Debug|Any CPU.Build.0 = Debug|Any CPU
		{DFEFB2C8-B7C6-44C7-9627-C251C953B512}.Release|Any CPU.ActiveCfg = Release|Any CPU
		{DFEFB2C8-B7C6-44C7-9627-C251C953B512}.Release|Any CPU.Build.0 = Release|Any CPU
	EndGlobalSection
	GlobalSection(SolutionProperties) = preSolution
		HideSolutionNode = FALSE
	EndGlobalSection
	GlobalSection(NestedProjects) = preSolution
		{DFEFB2C8-B7C6-44C7-9627-C251C953B512} = {8FD41DCC-89D2-4C18-8EAC-46B671A0FFF1}
	EndGlobalSection
	GlobalSection(ExtensibilityGlobals) = postSolution
		SolutionGuid = {329C084B-3D98-4BB9-8F64-44A869E4EB80}
	EndGlobalSection
EndGlobal
